
Microsoft Visual Studio Solution File, Format Version 12.00
# Visual Studio Version 17
VisualStudioVersion = 17.11.35431.28
MinimumVisualStudioVersion = 10.0.40219.1
Project("{FAE04EC0-301F-11D3-BF4B-00C04F79EFBC}") = "EmployeeBiodataMVC", "EmployeeBiodataMVC.csproj", "{96914B5B-9A26-48DD-9BFA-04B41F050D5C}"
EndProject
Global
	GlobalSection(SolutionConfigurationPlatforms) = preSolution
		Debug|Any CPU = Debug|Any CPU
		Release|Any CPU = Release|Any CPU
	EndGlobalSection
	GlobalSection(ProjectConfigurationPlatforms) = postSolution
		{96914B5B-9A26-48DD-9BFA-04B41F050D5C}.Debug|Any CPU.ActiveCfg = Debug|Any CPU
		{96914B5B-9A26-48DD-9BFA-04B41F050D5C}.Debug|Any CPU.Build.0 = Debug|Any CPU
		{96914B5B-9A26-48DD-9BFA-04B41F050D5C}.Release|Any CPU.ActiveCfg = Release|Any CPU
		{96914B5B-9A26-48DD-9BFA-04B41F050D5C}.Release|Any CPU.Build.0 = Release|Any CPU
	EndGlobalSection
	GlobalSection(SolutionProperties) = preSolution
		HideSolutionNode = FALSE
	EndGlobalSection
	GlobalSection(ExtensibilityGlobals) = postSolution
		SolutionGuid = {1901F8AE-4170-4B25-B1D2-C0E772977F0A}
	EndGlobalSection
EndGlobal
